
Microsoft Visual Studio Solution File, Format Version 12.00
# Visual Studio Version 17
VisualStudioVersion = 17.14.36915.13 d17.14
MinimumVisualStudioVersion = 10.0.40219.1
Project("{FAE04EC0-301F-11D3-BF4B-00C04F79EFBC}") = "ForEach", "ForEach\ForEach.csproj", "{E47B0EA6-02F0-448F-B523-B0ED9509A230}"
EndProject
Global
	GlobalSection(SolutionConfigurationPlatforms) = preSolution
		Debug|Any CPU = Debug|Any CPU
		Release|Any CPU = Release|Any CPU
	EndGlobalSection
	GlobalSection(ProjectConfigurationPlatforms) = postSolution
		{E47B0EA6-02F0-448F-B523-B0ED9509A230}.Debug|Any CPU.ActiveCfg = Debug|Any CPU
		{E47B0EA6-02F0-448F-B523-B0ED9509A230}.Debug|Any CPU.Build.0 = Debug|Any CPU
		{E47B0EA6-02F0-448F-B523-B0ED9509A230}.Release|Any CPU.ActiveCfg = Release|Any CPU
		{E47B0EA6-02F0-448F-B523-B0ED9509A230}.Release|Any CPU.Build.0 = Release|Any CPU
	EndGlobalSection
	GlobalSection(SolutionProperties) = preSolution
		HideSolutionNode = FALSE
	EndGlobalSection
	GlobalSection(ExtensibilityGlobals) = postSolution
		SolutionGuid = {12813363-B015-4F75-A72C-EC06FBDA4BF8}
	EndGlobalSection
EndGlobal
